{
    "format_version":"0.1",
    "terraform_version":"0.13.4",
    "planned_values":{
       "root_module":{
          "child_modules":[
             {
                "address":"module.child_0",
                "child_modules":[
                   {
                      "resources":[
                         {
                            "address":"module.child_0.module.child_1_c.aws_eks_cluster.cluster",
                            "mode":"managed",
                            "type":"aws_eks_cluster",
                            "name":"cluster",
                            "provider_name":"registry.terraform.io/hashicorp/aws",
                            "schema_version":0,
                            "values":{
                               "enabled_cluster_log_types":[
                                  "api",
                                  "audit"
                               ],
                               "encryption_config":[

                               ],
                               "name":"test",
                               "role_arn":"arn:aws:iam::12345678912:role/test",
                               "tags":null,
                               "timeouts":null,
                               "vpc_config":[
                                  {
                                     "endpoint_private_access":false,
                                     "endpoint_public_access":true,
                                     "security_group_ids":null,
                                     "subnet_ids":[
                                        "10.165.77.0/24"
                                     ]
                                  }
                               ]
                            }
                         }
                      ],
                      "address":"module.child_0.module.child_1_c"
                   },
                   {
                      "resources":[
                         {
                            "address":"module.child_0.module.child_1_b.aws_eks_cluster.cluster",
                            "mode":"managed",
                            "type":"aws_eks_cluster",
                            "name":"cluster",
                            "provider_name":"registry.terraform.io/hashicorp/aws",
                            "schema_version":0,
                            "values":{
                               "enabled_cluster_log_types":[
                                  "api",
                                  "audit"
                               ],
                               "encryption_config":[

                               ],
                               "name":"test",
                               "role_arn":"arn:aws:iam::12345678912:role/test",
                               "tags":null,
                               "timeouts":null,
                               "vpc_config":[
                                  {
                                     "endpoint_private_access":false,
                                     "endpoint_public_access":true,
                                     "security_group_ids":null,
                                     "subnet_ids":[
                                        "10.165.77.0/24"
                                     ]
                                  }
                               ]
                            }
                         }
                      ],
                      "address":"module.child_0.module.child_1_b"
                   },
                   {
                      "resources":[
                         {
                            "address":"module.child_0.module.child_1_a.aws_eks_cluster.cluster",
                            "mode":"managed",
                            "type":"aws_eks_cluster",
                            "name":"cluster",
                            "provider_name":"registry.terraform.io/hashicorp/aws",
                            "schema_version":0,
                            "values":{
                               "enabled_cluster_log_types":[
                                  "api",
                                  "audit"
                               ],
                               "encryption_config":[

                               ],
                               "name":"test",
                               "role_arn":"arn:aws:iam::12345678912:role/test",
                               "tags":null,
                               "timeouts":null,
                               "vpc_config":[
                                  {
                                     "endpoint_private_access":false,
                                     "endpoint_public_access":true,
                                     "security_group_ids":null,
                                     "subnet_ids":[
                                        "10.165.77.0/24"
                                     ]
                                  }
                               ]
                            }
                         }
                      ],
                      "address":"module.child_0.module.child_1_a"
                   }
                ]
             }
          ]
       }
    },
    "resource_changes":[
       {
          "address":"module.child_0.module.child_1_a.aws_eks_cluster.cluster",
          "module_address":"module.child_0.module.child_1_a",
          "mode":"managed",
          "type":"aws_eks_cluster",
          "name":"cluster",
          "provider_name":"registry.terraform.io/hashicorp/aws",
          "change":{
             "actions":[
                "create"
             ],
             "before":null,
             "after":{
                "enabled_cluster_log_types":[
                   "api",
                   "audit"
                ],
                "encryption_config":[

                ],
                "name":"test",
                "role_arn":"arn:aws:iam::12345678912:role/test",
                "tags":null,
                "timeouts":null,
                "vpc_config":[
                   {
                      "endpoint_private_access":false,
                      "endpoint_public_access":true,
                      "security_group_ids":null,
                      "subnet_ids":[
                         "10.165.77.0/24"
                      ]
                   }
                ]
             },
             "after_unknown":{
                "arn":true,
                "certificate_authority":true,
                "created_at":true,
                "enabled_cluster_log_types":[
                   false,
                   false
                ],
                "encryption_config":[

                ],
                "endpoint":true,
                "id":true,
                "identity":true,
                "kubernetes_network_config":true,
                "platform_version":true,
                "status":true,
                "version":true,
                "vpc_config":[
                   {
                      "cluster_security_group_id":true,
                      "public_access_cidrs":true,
                      "subnet_ids":[
                         false
                      ],
                      "vpc_id":true
                   }
                ]
             }
          }
       },
       {
          "address":"module.child_0.module.child_1_b.aws_eks_cluster.cluster",
          "module_address":"module.child_0.module.child_1_b",
          "mode":"managed",
          "type":"aws_eks_cluster",
          "name":"cluster",
          "provider_name":"registry.terraform.io/hashicorp/aws",
          "change":{
             "actions":[
                "create"
             ],
             "before":null,
             "after":{
                "enabled_cluster_log_types":[
                   "api",
                   "audit"
                ],
                "encryption_config":[

                ],
                "name":"test",
                "role_arn":"arn:aws:iam::12345678912:role/test",
                "tags":null,
                "timeouts":null,
                "vpc_config":[
                   {
                      "endpoint_private_access":false,
                      "endpoint_public_access":true,
                      "security_group_ids":null,
                      "subnet_ids":[
                         "10.165.77.0/24"
                      ]
                   }
                ]
             },
             "after_unknown":{
                "arn":true,
                "certificate_authority":true,
                "created_at":true,
                "enabled_cluster_log_types":[
                   false,
                   false
                ],
                "encryption_config":[

                ],
                "endpoint":true,
                "id":true,
                "identity":true,
                "kubernetes_network_config":true,
                "platform_version":true,
                "status":true,
                "version":true,
                "vpc_config":[
                   {
                      "cluster_security_group_id":true,
                      "public_access_cidrs":true,
                      "subnet_ids":[
                         false
                      ],
                      "vpc_id":true
                   }
                ]
             }
          }
       },
       {
          "address":"module.child_0.module.child_1_c.aws_eks_cluster.cluster",
          "module_address":"module.child_0.module.child_1_c",
          "mode":"managed",
          "type":"aws_eks_cluster",
          "name":"cluster",
          "provider_name":"registry.terraform.io/hashicorp/aws",
          "change":{
             "actions":[
                "create"
             ],
             "before":null,
             "after":{
                "enabled_cluster_log_types":[
                   "api",
                   "audit"
                ],
                "encryption_config":[

                ],
                "name":"test",
                "role_arn":"arn:aws:iam::12345678912:role/test",
                "tags":null,
                "timeouts":null,
                "vpc_config":[
                   {
                      "endpoint_private_access":false,
                      "endpoint_public_access":true,
                      "security_group_ids":null,
                      "subnet_ids":[
                         "10.165.77.0/24"
                      ]
                   }
                ]
             },
             "after_unknown":{
                "arn":true,
                "certificate_authority":true,
                "created_at":true,
                "enabled_cluster_log_types":[
                   false,
                   false
                ],
                "encryption_config":[

                ],
                "endpoint":true,
                "id":true,
                "identity":true,
                "kubernetes_network_config":true,
                "platform_version":true,
                "status":true,
                "version":true,
                "vpc_config":[
                   {
                      "cluster_security_group_id":true,
                      "public_access_cidrs":true,
                      "subnet_ids":[
                         false
                      ],
                      "vpc_id":true
                   }
                ]
             }
          }
       }
    ],
    "configuration":{
       "root_module":{
          "module_calls":{
             "child_0":{
                "source":"./module",
                "module":{
                   "module_calls":{
                      "child_1_a":{
                         "source":"./module",
                         "module":{
                            "resources":[
                               {
                                  "address":"aws_eks_cluster.cluster",
                                  "mode":"managed",
                                  "type":"aws_eks_cluster",
                                  "name":"cluster",
                                  "provider_config_key":"child_1_a:aws",
                                  "expressions":{
                                     "enabled_cluster_log_types":{
                                        "constant_value":[
                                           "audit",
                                           "api"
                                        ]
                                     },
                                     "name":{
                                        "constant_value":"test"
                                     },
                                     "role_arn":{
                                        "constant_value":"arn:aws:iam::12345678912:role/test"
                                     },
                                     "vpc_config":[
                                        {
                                           "subnet_ids":{
                                              "constant_value":[
                                                 "10.165.77.0/24"
                                              ]
                                           }
                                        }
                                     ]
                                  },
                                  "schema_version":0
                               }
                            ]
                         }
                      },
                      "child_1_b":{
                         "source":"./module",
                         "module":{
                            "resources":[
                               {
                                  "address":"aws_eks_cluster.cluster",
                                  "mode":"managed",
                                  "type":"aws_eks_cluster",
                                  "name":"cluster",
                                  "provider_config_key":"child_1_b:aws",
                                  "expressions":{
                                     "enabled_cluster_log_types":{
                                        "constant_value":[
                                           "audit",
                                           "api"
                                        ]
                                     },
                                     "name":{
                                        "constant_value":"test"
                                     },
                                     "role_arn":{
                                        "constant_value":"arn:aws:iam::12345678912:role/test"
                                     },
                                     "vpc_config":[
                                        {
                                           "subnet_ids":{
                                              "constant_value":[
                                                 "10.165.77.0/24"
                                              ]
                                           }
                                        }
                                     ]
                                  },
                                  "schema_version":0
                               }
                            ]
                         }
                      },
                      "child_1_c":{
                         "source":"./module",
                         "module":{
                            "resources":[
                               {
                                  "address":"aws_eks_cluster.cluster",
                                  "mode":"managed",
                                  "type":"aws_eks_cluster",
                                  "name":"cluster",
                                  "provider_config_key":"child_1_c:aws",
                                  "expressions":{
                                     "enabled_cluster_log_types":{
                                        "constant_value":[
                                           "audit",
                                           "api"
                                        ]
                                     },
                                     "name":{
                                        "constant_value":"test"
                                     },
                                     "role_arn":{
                                        "constant_value":"arn:aws:iam::12345678912:role/test"
                                     },
                                     "vpc_config":[
                                        {
                                           "subnet_ids":{
                                              "constant_value":[
                                                 "10.165.77.0/24"
                                              ]
                                           }
                                        }
                                     ]
                                  },
                                  "schema_version":0
                               }
                            ]
                         }
                      }
                   }
                }
             }
          }
       }
    }
}
