{
  "format_version": "0.1",
  "terraform_version": "0.15.5",
  "planned_values": {
    "root_module": {
      "resources": [
        {
          "address": "aws_s3_bucket.b",
          "mode": "managed",
          "type": "aws_s3_bucket",
          "name": "b",
          "provider_name": "registry.terraform.io/hashicorp/aws",
          "schema_version": 0,
          "values": {
            "bucket": "mikeabcd123-abc",
            "bucket_prefix": null,
            "force_destroy": false,
            "tags": null
          }
        }
      ]
    }
  },
  "resource_changes": [
    {
      "address": "aws_s3_bucket.b",
      "mode": "managed",
      "type": "aws_s3_bucket",
      "name": "b",
      "provider_name": "registry.terraform.io/hashicorp/aws",
      "change": {
        "actions": [
          "create"
        ],
        "before": null,
        "after": {
          "bucket": "mikeabcd123-abc",
          "bucket_prefix": null,
          "force_destroy": false,
          "tags": null
        },
        "after_unknown": {
          "acceleration_status": true,
          "acl": true,
          "arn": true,
          "bucket_domain_name": true,
          "bucket_regional_domain_name": true,
          "cors_rule": true,
          "grant": true,
          "hosted_zone_id": true,
          "id": true,
          "lifecycle_rule": true,
          "logging": true,
          "object_lock_configuration": true,
          "object_lock_enabled": true,
          "policy": true,
          "region": true,
          "replication_configuration": true,
          "request_payer": true,
          "server_side_encryption_configuration": true,
          "tags_all": true,
          "versioning": true,
          "website": true,
          "website_domain": true,
          "website_endpoint": true
        },
        "before_sensitive": false,
        "after_sensitive": {
          "cors_rule": [],
          "grant": [],
          "lifecycle_rule": [],
          "logging": [],
          "object_lock_configuration": [],
          "replication_configuration": [],
          "server_side_encryption_configuration": [],
          "tags_all": {},
          "versioning": [],
          "website": []
        }
      }
    }
  ],
  "configuration": {
    "provider_config": {
      "aws": {
        "name": "aws"
      }
    },
    "root_module": {
      "resources": [
        {
          "address": "aws_s3_bucket.b",
          "mode": "managed",
          "type": "aws_s3_bucket",
          "name": "b",
          "provider_config_key": "aws",
          "expressions": {
            "bucket": {
              "constant_value": "mikeabcd123-abc"
            }
          },
          "schema_version": 0
        }
      ]
    }
  }
}
