{"format_version":"1.1","terraform_version":"1.2.2","planned_values":{"root_module":{"resources":[{"address":"aws_s3_bucket.data","mode":"managed","type":"aws_s3_bucket","name":"data","provider_name":"registry.terraform.io/hashicorp/aws","schema_version":0,"values":{"bucket":"mike-abcd123data","bucket_prefix":null,"force_destroy":false,"tags":null},"sensitive_values":{"cors_rule":[],"grant":[],"lifecycle_rule":[],"logging":[],"object_lock_configuration":[],"replication_configuration":[],"server_side_encryption_configuration":[],"tags_all":{},"versioning":[],"website":[]}}]}},"resource_changes":[{"address":"aws_s3_bucket.data","mode":"managed","type":"aws_s3_bucket","name":"data","provider_name":"registry.terraform.io/hashicorp/aws","change":{"actions":["create"],"before":null,"after":{"bucket":"mike-abcd123data","bucket_prefix":null,"force_destroy":false,"tags":null},"after_unknown":{"acceleration_status":true,"acl":true,"arn":true,"bucket_domain_name":true,"bucket_regional_domain_name":true,"cors_rule":true,"grant":true,"hosted_zone_id":true,"id":true,"lifecycle_rule":true,"logging":true,"object_lock_configuration":true,"object_lock_enabled":true,"policy":true,"region":true,"replication_configuration":true,"request_payer":true,"server_side_encryption_configuration":true,"tags_all":true,"versioning":true,"website":true,"website_domain":true,"website_endpoint":true},"before_sensitive":false,"after_sensitive":{"cors_rule":[],"grant":[],"lifecycle_rule":[],"logging":[],"object_lock_configuration":[],"replication_configuration":[],"server_side_encryption_configuration":[],"tags_all":{},"versioning":[],"website":[]}}}],"configuration":{"provider_config":{"aws":{"name":"aws","full_name":"registry.terraform.io/hashicorp/aws","expressions":{"access_key":{"constant_value":"ASIAXACUDMUWUORUS6WO"},"region":{"constant_value":"us-west-2"},"secret_key":{"constant_value":"e6hFDPtNZhAWjB6SF9PNxcW3RZXF2QLik9iufgwI"},"token":{"constant_value":"FwoGZXIvYXdzEH0aDJwZzjegvUTGm2L2liKBAn0n5cABJJngxvebDJzR9n+vK1qRCWkn/+Z8Ho+XdjacULWsMSOIxuxnIpLLYcq20vIgpWHDyKz5qliRSE7ANuDpNMa6KSmosiG33e/y5XvuXOrk4LCFRyPm4TqUIXZ4LHKNnBjSBDLAQPiDTGjIs0TPLntFPcbYBNLGeeVG3ThopkUAZ2Xp6ruePWQB0VB295RP7KGMo1ccupwhhofXoFCeAFb9XZl7Cko+C6qh+vNcbWCp/WQ4HvGA2TvJxrm9Hc+MfxRGfPAAaPPDGnYmRoaCv0jxmceCFEDXJaOGYC5fIY2rrJhTJiSIq9uuY8jI6YEoM2L03AL1r2OLSBGM6wUNKJet5JQGMiudOKEc/wlNbZ6ZG5D+97DTKXQKEj+ZhB4vWByBJiWJN204nzdxb+X7VmXy"}}}},"root_module":{"resources":[{"address":"aws_s3_bucket.data","mode":"managed","type":"aws_s3_bucket","name":"data","provider_config_key":"aws","expressions":{"bucket":{"constant_value":"mike-abcd123data"}},"schema_version":0}]}}}
