{
    "_meta": {
        "hash": {
            "sha256": "676785150f92529654f5e89ccd8dfa3f8c3cfb3c8728ce8c16a53f7ac4bc7342"
        },
        "pipfile-spec": 6,
        "requires": {
            "python_version": "3.7"
        },
        "sources": [
            {
                "name": "pypi",
                "url": "https://pypi.org/simple",
                "verify_ssl": true
            }
        ]
    },
    "default": {
        "boto3": {
            "hashes": [
                "sha256:a31d9b2d681a0ce7db8e476879222b27455a1cc49a60e2111e0ddb47c574d127",
                "sha256:fd21bb3b15e7ab0525fe0262dc38998f13d15fdf71041d82177f411cb355e858"
            ],
            "index": "pypi",
            "version": "==1.14.23"
        },
        "botocore": {
            "hashes": [
                "sha256:18a0409695fbc707a8f3f2849a93fdc629fda62efe1a5262765fd57b82fbace3",
                "sha256:6711dac304dacb49981d722ef91bd89bd82b6bc68cf0a0890bc30573dcbb1899"
            ],
            "version": "==1.17.23"
        },
        "colorama": {
            "hashes": [
                "sha256:7d73d2a99753107a36ac6b455ee49046802e59d9d076ef8e47b61499fa29afff",
                "sha256:e96da0d330793e2cb9485e9ddfd918d456036c7149416295932478192f4436a1"
            ],
            "index": "pypi",
            "version": "==0.4.3"
        },
        "docutils": {
            "hashes": [
                "sha256:6c4f696463b79f1fb8ba0c594b63840ebd41f059e92b31957c46b74a4599b6d0",
                "sha256:9e4d7ecfc600058e07ba661411a2b7de2fd0fafa17d1a7f7361cd47b1175c827",
                "sha256:a2aeea129088da402665e92e0b25b04b073c04b2dce4ab65caaa38b7ce2e1a99"
            ],
            "markers": "python_version >= '2.6' and python_version not in '3.0, 3.1, 3.2, 3.3'",
            "version": "==0.15.2"
        },
        "dpath": {
            "hashes": [
                "sha256:496615b4ea84236d18e0d286122de74869a60e0f87e2c7ec6787ff286c48361b"
            ],
            "index": "pypi",
            "version": "==1.5.0"
        },
        "gitdb": {
            "hashes": [
                "sha256:91f36bfb1ab7949b3b40e23736db18231bf7593edada2ba5c3a174a7b23657ac",
                "sha256:c9e1f2d0db7ddb9a704c2a0217be31214e91a4fe1dea1efad19ae42ba0c285c9"
            ],
            "markers": "python_version >= '3.4'",
            "version": "==4.0.5"
        },
        "gitpython": {
            "hashes": [
                "sha256:2db287d71a284e22e5c2846042d0602465c7434d910406990d5b74df4afb0858",
                "sha256:fa3b92da728a457dd75d62bb5f3eb2816d99a7fe6c67398e260637a40e3fafb5"
            ],
            "index": "pypi",
            "version": "==3.1.7"
        },
        "jmespath": {
            "hashes": [
                "sha256:b85d0567b8666149a93172712e68920734333c0ce7e89b78b3e987f71e5ed4f9",
                "sha256:cdf6525904cc597730141d61b36f2e4b8ecc257c420fa2f4549bac2c2d0cb72f"
            ],
            "markers": "python_version >= '2.6' and python_version not in '3.0, 3.1, 3.2, 3.3'",
            "version": "==0.10.0"
        },
        "junit-xml": {
            "hashes": [
                "sha256:ec5ca1a55aefdd76d28fcc0b135251d156c7106fa979686a4b48d62b761b4732"
            ],
            "index": "pypi",
            "version": "==1.9"
        },
        "lark-parser": {
            "hashes": [
                "sha256:26215ebb157e6fb2ee74319aa4445b9f3b7e456e26be215ce19fdaaa901c20a4"
            ],
            "version": "==0.7.8"
        },
        "python-dateutil": {
            "hashes": [
                "sha256:73ebfe9dbf22e832286dafa60473e4cd239f8592f699aa5adaf10050e6e1823c",
                "sha256:75bb3f31ea686f1197762692a9ee6a7550b59fc6ca3a1f4b5d7e32fb98e2da2a"
            ],
            "markers": "python_version >= '2.7' and python_version not in '3.0, 3.1, 3.2, 3.3'",
            "version": "==2.8.1"
        },
        "python-hcl2": {
            "hashes": [
                "sha256:21e051155e8a48c8dafcbc9b35c9affeea5cdc3ae171a8910169d7c1877f151b"
            ],
            "index": "pypi",
            "version": "==0.3.0"
        },
        "pyyaml": {
            "hashes": [
                "sha256:06a0d7ba600ce0b2d2fe2e78453a470b5a6e000a985dd4a4e54e436cc36b0e97",
                "sha256:240097ff019d7c70a4922b6869d8a86407758333f02203e0fc6ff79c5dcede76",
                "sha256:4f4b913ca1a7319b33cfb1369e91e50354d6f07a135f3b901aca02aa95940bd2",
                "sha256:69f00dca373f240f842b2931fb2c7e14ddbacd1397d57157a9b005a6a9942648",
                "sha256:73f099454b799e05e5ab51423c7bcf361c58d3206fa7b0d555426b1f4d9a3eaf",
                "sha256:74809a57b329d6cc0fdccee6318f44b9b8649961fa73144a98735b0aaf029f1f",
                "sha256:7739fc0fa8205b3ee8808aea45e968bc90082c10aef6ea95e855e10abf4a37b2",
                "sha256:95f71d2af0ff4227885f7a6605c37fd53d3a106fcab511b8860ecca9fcf400ee",
                "sha256:b8eac752c5e14d3eca0e6dd9199cd627518cb5ec06add0de9d32baeee6fe645d",
                "sha256:cc8955cfbfc7a115fa81d85284ee61147059a753344bc51098f3ccd69b0d7e0c",
                "sha256:d13155f591e6fcc1ec3b30685d50bf0711574e2c0dfffd7644babf8b5102ca1a"
            ],
            "index": "pypi",
            "version": "==5.3.1"
        },
        "s3transfer": {
            "hashes": [
                "sha256:2482b4259524933a022d59da830f51bd746db62f047d6eb213f2f8855dcb8a13",
                "sha256:921a37e2aefc64145e7b73d50c71bb4f26f46e4c9f414dc648c6245ff92cf7db"
            ],
            "version": "==0.3.3"
        },
        "six": {
            "hashes": [
                "sha256:30639c035cdb23534cd4aa2dd52c3bf48f06e5f4a941509c8bafd8ce11080259",
                "sha256:8b74bedcbbbaca38ff6d7491d76f2b06b3592611af620f8426e82dddb04a5ced"
            ],
            "markers": "python_version >= '2.7' and python_version not in '3.0, 3.1, 3.2, 3.3'",
            "version": "==1.15.0"
        },
        "smmap": {
            "hashes": [
                "sha256:54c44c197c819d5ef1991799a7e30b662d1e520f2ac75c9efbeb54a742214cf4",
                "sha256:9c98bbd1f9786d22f14b3d4126894d56befb835ec90cef151af566c7e19b5d24"
            ],
            "markers": "python_version >= '2.7' and python_version not in '3.0, 3.1, 3.2, 3.3'",
            "version": "==3.0.4"
        },
        "tabulate": {
            "hashes": [
                "sha256:ac64cb76d53b1231d364babcd72abbb16855adac7de6665122f97b593f1eb2ba",
                "sha256:db2723a20d04bcda8522165c73eea7c300eda74e0ce852d9022e0159d7895007"
            ],
            "index": "pypi",
            "version": "==0.8.7"
        },
        "termcolor": {
            "hashes": [
                "sha256:1d6d69ce66211143803fbc56652b41d73b4a400a2891d7bf7a1cdf4c02de613b"
            ],
            "index": "pypi",
            "version": "==1.1.0"
        },
        "urllib3": {
            "hashes": [
                "sha256:3018294ebefce6572a474f0604c2021e33b3fd8006ecd11d62107a5d2a963527",
                "sha256:88206b0eb87e6d677d424843ac5209e3fb9d0190d0ee169599165ec25e9d9115"
            ],
            "markers": "python_version != '3.4'",
            "version": "==1.25.9"
        }
    },
    "develop": {
        "appdirs": {
            "hashes": [
                "sha256:7d5d0167b2b1ba821647616af46a749d1c653740dd0d2415100fe26e27afdf41",
                "sha256:a841dacd6b99318a741b166adb07e19ee71a274450e68237b4650ca1055ab128"
            ],
            "version": "==1.4.4"
        },
        "attrs": {
            "hashes": [
                "sha256:08a96c641c3a74e44eb59afb61a24f2cb9f4d7188748e76ba4bb5edfa3cb7d1c",
                "sha256:f7b7ce16570fe9965acd6d30101a28f62fb4a7f9e926b3bbc9b61f8b04247e72"
            ],
            "markers": "python_version >= '2.7' and python_version not in '3.0, 3.1, 3.2, 3.3'",
            "version": "==19.3.0"
        },
        "bandit": {
            "hashes": [
                "sha256:336620e220cf2d3115877685e264477ff9d9abaeb0afe3dc7264f55fa17a3952",
                "sha256:41e75315853507aa145d62a78a2a6c5e3240fe14ee7c601459d0df9418196065"
            ],
            "index": "pypi",
            "version": "==1.6.2"
        },
        "black": {
            "hashes": [
                "sha256:1b30e59be925fafc1ee4565e5e08abef6b03fe455102883820fe5ee2e4734e0b",
                "sha256:c2edb73a08e9e0e6f65a0e6af18b059b8b1cdd5bef997d7a0b181df93dc81539"
            ],
            "markers": "python_version >= '3.6'",
            "version": "==19.10b0"
        },
        "cached-property": {
            "hashes": [
                "sha256:3a026f1a54135677e7da5ce819b0c690f156f37976f3e30c5430740725203d7f",
                "sha256:9217a59f14a5682da7c4b8829deadbfc194ac22e9908ccf7c8820234e80a1504"
            ],
            "version": "==1.5.1"
        },
        "cerberus": {
            "hashes": [
                "sha256:302e6694f206dd85cb63f13fd5025b31ab6d38c99c50c6d769f8fa0b0f299589"
            ],
            "version": "==1.3.2"
        },
        "certifi": {
            "hashes": [
                "sha256:5930595817496dd21bb8dc35dad090f1c2cd0adfaf21204bf6732ca5d8ee34d3",
                "sha256:8fc0819f1f30ba15bdb34cceffb9ef04d99f420f68eb75d901e9560b8749fc41"
            ],
            "version": "==2020.6.20"
        },
        "chardet": {
            "hashes": [
                "sha256:84ab92ed1c4d4f16916e05906b6b75a6c0fb5db821cc65e70cbd64a3e2a5eaae",
                "sha256:fc323ffcaeaed0e0a02bf4d117757b98aed530d9ed4531e3e15460124c106691"
            ],
            "version": "==3.0.4"
        },
        "click": {
            "hashes": [
                "sha256:d2b5255c7c6349bc1bd1e59e08cd12acbbd63ce649f2588755783aa94dfb6b1a",
                "sha256:dacca89f4bfadd5de3d7489b7c8a566eee0d3676333fbb50030263894c38c0dc"
            ],
            "markers": "python_version >= '2.7' and python_version not in '3.0, 3.1, 3.2, 3.3, 3.4'",
            "version": "==7.1.2"
        },
        "colorama": {
            "hashes": [
                "sha256:7d73d2a99753107a36ac6b455ee49046802e59d9d076ef8e47b61499fa29afff",
                "sha256:e96da0d330793e2cb9485e9ddfd918d456036c7149416295932478192f4436a1"
            ],
            "index": "pypi",
            "version": "==0.4.3"
        },
        "coverage": {
            "hashes": [
                "sha256:0fc4e0d91350d6f43ef6a61f64a48e917637e1dcfcba4b4b7d543c628ef82c2d",
                "sha256:10f2a618a6e75adf64329f828a6a5b40244c1c50f5ef4ce4109e904e69c71bd2",
                "sha256:12eaccd86d9a373aea59869bc9cfa0ab6ba8b1477752110cb4c10d165474f703",
                "sha256:1874bdc943654ba46d28f179c1846f5710eda3aeb265ff029e0ac2b52daae404",
                "sha256:1dcebae667b73fd4aa69237e6afb39abc2f27520f2358590c1b13dd90e32abe7",
                "sha256:1e58fca3d9ec1a423f1b7f2aa34af4f733cbfa9020c8fe39ca451b6071237405",
                "sha256:214eb2110217f2636a9329bc766507ab71a3a06a8ea30cdeebb47c24dce5972d",
                "sha256:25fe74b5b2f1b4abb11e103bb7984daca8f8292683957d0738cd692f6a7cc64c",
                "sha256:32ecee61a43be509b91a526819717d5e5650e009a8d5eda8631a59c721d5f3b6",
                "sha256:3740b796015b889e46c260ff18b84683fa2e30f0f75a171fb10d2bf9fb91fc70",
                "sha256:3b2c34690f613525672697910894b60d15800ac7e779fbd0fccf532486c1ba40",
                "sha256:41d88736c42f4a22c494c32cc48a05828236e37c991bd9760f8923415e3169e4",
                "sha256:42fa45a29f1059eda4d3c7b509589cc0343cd6bbf083d6118216830cd1a51613",
                "sha256:4bb385a747e6ae8a65290b3df60d6c8a692a5599dc66c9fa3520e667886f2e10",
                "sha256:509294f3e76d3f26b35083973fbc952e01e1727656d979b11182f273f08aa80b",
                "sha256:5c74c5b6045969b07c9fb36b665c9cac84d6c174a809fc1b21bdc06c7836d9a0",
                "sha256:60a3d36297b65c7f78329b80120f72947140f45b5c7a017ea730f9112b40f2ec",
                "sha256:6f91b4492c5cde83bfe462f5b2b997cdf96a138f7c58b1140f05de5751623cf1",
                "sha256:7403675df5e27745571aba1c957c7da2dacb537c21e14007ec3a417bf31f7f3d",
                "sha256:87bdc8135b8ee739840eee19b184804e5d57f518578ffc797f5afa2c3c297913",
                "sha256:8a3decd12e7934d0254939e2bf434bf04a5890c5bf91a982685021786a08087e",
                "sha256:9702e2cb1c6dec01fb8e1a64c015817c0800a6eca287552c47a5ee0ebddccf62",
                "sha256:a4d511012beb967a39580ba7d2549edf1e6865a33e5fe51e4dce550522b3ac0e",
                "sha256:bbb387811f7a18bdc61a2ea3d102be0c7e239b0db9c83be7bfa50f095db5b92a",
                "sha256:bfcc811883699ed49afc58b1ed9f80428a18eb9166422bce3c31a53dba00fd1d",
                "sha256:c32aa13cc3fe86b0f744dfe35a7f879ee33ac0a560684fef0f3e1580352b818f",
                "sha256:ca63dae130a2e788f2b249200f01d7fa240f24da0596501d387a50e57aa7075e",
                "sha256:d54d7ea74cc00482a2410d63bf10aa34ebe1c49ac50779652106c867f9986d6b",
                "sha256:d67599521dff98ec8c34cd9652cbcfe16ed076a2209625fca9dc7419b6370e5c",
                "sha256:d82db1b9a92cb5c67661ca6616bdca6ff931deceebb98eecbd328812dab52032",
                "sha256:d9ad0a988ae20face62520785ec3595a5e64f35a21762a57d115dae0b8fb894a",
                "sha256:ebf2431b2d457ae5217f3a1179533c456f3272ded16f8ed0b32961a6d90e38ee",
                "sha256:ed9a21502e9223f563e071759f769c3d6a2e1ba5328c31e86830368e8d78bc9c",
                "sha256:f50632ef2d749f541ca8e6c07c9928a37f87505ce3a9f20c8446ad310f1aa87b"
            ],
            "index": "pypi",
            "version": "==5.2"
        },
        "coverage-badge": {
            "hashes": [
                "sha256:142fd121f3bd14956aff3c45bff6f8bc37bd74c6350626a950ebb6accb24276e",
                "sha256:3796de21b4e190d38beb8806956946fbdb02fe3a2a7452b460a9cff958009833"
            ],
            "index": "pypi",
            "version": "==1.0.1"
        },
        "distlib": {
            "hashes": [
                "sha256:8c09de2c67b3e7deef7184574fc060ab8a793e7adbb183d942c389c8b13c52fb",
                "sha256:edf6116872c863e1aa9d5bb7cb5e05a022c519a4594dc703843343a9ddd9bff1"
            ],
            "version": "==0.3.1"
        },
        "gitdb": {
            "hashes": [
                "sha256:91f36bfb1ab7949b3b40e23736db18231bf7593edada2ba5c3a174a7b23657ac",
                "sha256:c9e1f2d0db7ddb9a704c2a0217be31214e91a4fe1dea1efad19ae42ba0c285c9"
            ],
            "markers": "python_version >= '3.4'",
            "version": "==4.0.5"
        },
        "gitpython": {
            "hashes": [
                "sha256:2db287d71a284e22e5c2846042d0602465c7434d910406990d5b74df4afb0858",
                "sha256:fa3b92da728a457dd75d62bb5f3eb2816d99a7fe6c67398e260637a40e3fafb5"
            ],
            "index": "pypi",
            "version": "==3.1.7"
        },
        "idna": {
            "hashes": [
                "sha256:b307872f855b18632ce0c21c5e45be78c0ea7ae4c15c828c20788b26921eb3f6",
                "sha256:b97d804b1e9b523befed77c48dacec60e6dcb0b5391d57af6a65a312a90648c0"
            ],
            "markers": "python_version >= '2.7' and python_version not in '3.0, 3.1, 3.2, 3.3'",
            "version": "==2.10"
        },
        "importlib-metadata": {
            "hashes": [
                "sha256:90bb658cdbbf6d1735b6341ce708fc7024a3e14e99ffdc5783edea9f9b077f83",
                "sha256:dc15b2969b4ce36305c51eebe62d418ac7791e9a157911d58bfb1f9ccd8e2070"
            ],
            "markers": "python_version < '3.8'",
            "version": "==1.7.0"
        },
        "more-itertools": {
            "hashes": [
                "sha256:68c70cc7167bdf5c7c9d8f6954a7837089c6a36bf565383919bb595efb8a17e5",
                "sha256:b78134b2063dd214000685165d81c154522c3ee0a1c0d4d113c80361c234c5a2"
            ],
            "markers": "python_version >= '3.5'",
            "version": "==8.4.0"
        },
        "orderedmultidict": {
            "hashes": [
                "sha256:04070bbb5e87291cc9bfa51df413677faf2141c73c61d2a5f7b26bea3cd882ad",
                "sha256:43c839a17ee3cdd62234c47deca1a8508a3f2ca1d0678a3bf791c87cf84adbf3"
            ],
            "version": "==1.0.1"
        },
        "packaging": {
            "hashes": [
                "sha256:4357f74f47b9c12db93624a82154e9b120fa8293699949152b22065d556079f8",
                "sha256:998416ba6962ae7fbd6596850b80e17859a5753ba17c32284f67bfff33784181"
            ],
            "markers": "python_version >= '2.7' and python_version not in '3.0, 3.1, 3.2, 3.3'",
            "version": "==20.4"
        },
        "pathspec": {
            "hashes": [
                "sha256:7d91249d21749788d07a2d0f94147accd8f845507400749ea19c1ec9054a12b0",
                "sha256:da45173eb3a6f2a5a487efba21f050af2b41948be6ab52b6a1e3ff22bb8b7061"
            ],
            "version": "==0.8.0"
        },
        "pbr": {
            "hashes": [
                "sha256:07f558fece33b05caf857474a366dfcc00562bca13dd8b47b2b3e22d9f9bf55c",
                "sha256:579170e23f8e0c2f24b0de612f71f648eccb79fb1322c814ae6b3c07b5ba23e8"
            ],
            "version": "==5.4.5"
        },
        "pep517": {
            "hashes": [
                "sha256:576c480be81f3e1a70a16182c762311eb80d1f8a7b0d11971e5234967d7a342c",
                "sha256:8e6199cf1288d48a0c44057f112acf18aa5ebabbf73faa242f598fbe145ba29e"
            ],
            "version": "==0.8.2"
        },
        "pip-shims": {
            "hashes": [
                "sha256:39193b8c4aa5e4cb82e250be58df4d5eaebe931a33b0df43b369f4ae92ee5753",
                "sha256:423978c27d0e24e8ecb3e82b4a6c1f607e2e364153e73d0803c671d48b23195e"
            ],
            "markers": "python_version >= '2.7' and python_version not in '3.0, 3.1, 3.2, 3.3, 3.4'",
            "version": "==0.5.2"
        },
        "pipenv-setup": {
            "hashes": [
                "sha256:8a439aff7b16e18d7e07702c9186fc5fe86156679eace90e10c2578a43bd7af1",
                "sha256:e1bfd55c1152024e762f1c17f6189fcb073166509e7c0228870f7ea160355648"
            ],
            "index": "pypi",
            "version": "==3.1.1"
        },
        "pipfile": {
            "hashes": [
                "sha256:f7d9f15de8b660986557eb3cc5391aa1a16207ac41bc378d03f414762d36c984"
            ],
            "version": "==0.0.2"
        },
        "plette": {
            "extras": [
                "validation"
            ],
            "hashes": [
                "sha256:46402c03e36d6eadddad2a5125990e322dd74f98160c8f2dcd832b2291858a26",
                "sha256:d6c9b96981b347bddd333910b753b6091a2c1eb2ef85bb373b4a67c9d91dca16"
            ],
            "markers": "python_version >= '2.6' and python_version not in '3.0, 3.1, 3.2, 3.3'",
            "version": "==0.2.3"
        },
        "pluggy": {
            "hashes": [
                "sha256:15b2acde666561e1298d71b523007ed7364de07029219b604cf808bfa1c765b0",
                "sha256:966c145cd83c96502c3c3868f50408687b38434af77734af1e9ca461a4081d2d"
            ],
            "markers": "python_version >= '2.7' and python_version not in '3.0, 3.1, 3.2, 3.3'",
            "version": "==0.13.1"
        },
        "py": {
            "hashes": [
                "sha256:366389d1db726cd2fcfc79732e75410e5fe4d31db13692115529d34069a043c2",
                "sha256:9ca6883ce56b4e8da7e79ac18787889fa5206c79dcc67fb065376cd2fe03f342"
            ],
            "markers": "python_version >= '2.7' and python_version not in '3.0, 3.1, 3.2, 3.3'",
            "version": "==1.9.0"
        },
        "pyparsing": {
            "hashes": [
                "sha256:c203ec8783bf771a155b207279b9bccb8dea02d8f0c9e5f8ead507bc3246ecc1",
                "sha256:ef9d7589ef3c200abe66653d3f1ab1033c3c419ae9b9bdb1240a85b024efc88b"
            ],
            "markers": "python_version >= '2.6' and python_version not in '3.0, 3.1, 3.2, 3.3'",
            "version": "==2.4.7"
        },
        "pytest": {
            "hashes": [
                "sha256:5c0db86b698e8f170ba4582a492248919255fcd4c79b1ee64ace34301fb589a1",
                "sha256:7979331bfcba207414f5e1263b5a0f8f521d0f457318836a7355531ed1a4c7d8"
            ],
            "index": "pypi",
            "version": "==5.4.3"
        },
        "python-dateutil": {
            "hashes": [
                "sha256:73ebfe9dbf22e832286dafa60473e4cd239f8592f699aa5adaf10050e6e1823c",
                "sha256:75bb3f31ea686f1197762692a9ee6a7550b59fc6ca3a1f4b5d7e32fb98e2da2a"
            ],
            "markers": "python_version >= '2.7' and python_version not in '3.0, 3.1, 3.2, 3.3'",
            "version": "==2.8.1"
        },
        "pyyaml": {
            "hashes": [
                "sha256:06a0d7ba600ce0b2d2fe2e78453a470b5a6e000a985dd4a4e54e436cc36b0e97",
                "sha256:240097ff019d7c70a4922b6869d8a86407758333f02203e0fc6ff79c5dcede76",
                "sha256:4f4b913ca1a7319b33cfb1369e91e50354d6f07a135f3b901aca02aa95940bd2",
                "sha256:69f00dca373f240f842b2931fb2c7e14ddbacd1397d57157a9b005a6a9942648",
                "sha256:73f099454b799e05e5ab51423c7bcf361c58d3206fa7b0d555426b1f4d9a3eaf",
                "sha256:74809a57b329d6cc0fdccee6318f44b9b8649961fa73144a98735b0aaf029f1f",
                "sha256:7739fc0fa8205b3ee8808aea45e968bc90082c10aef6ea95e855e10abf4a37b2",
                "sha256:95f71d2af0ff4227885f7a6605c37fd53d3a106fcab511b8860ecca9fcf400ee",
                "sha256:b8eac752c5e14d3eca0e6dd9199cd627518cb5ec06add0de9d32baeee6fe645d",
                "sha256:cc8955cfbfc7a115fa81d85284ee61147059a753344bc51098f3ccd69b0d7e0c",
                "sha256:d13155f591e6fcc1ec3b30685d50bf0711574e2c0dfffd7644babf8b5102ca1a"
            ],
            "index": "pypi",
            "version": "==5.3.1"
        },
        "regex": {
            "hashes": [
                "sha256:0dc64ee3f33cd7899f79a8d788abfbec168410be356ed9bd30bbd3f0a23a7204",
                "sha256:1269fef3167bb52631ad4fa7dd27bf635d5a0790b8e6222065d42e91bede4162",
                "sha256:14a53646369157baa0499513f96091eb70382eb50b2c82393d17d7ec81b7b85f",
                "sha256:3a3af27a8d23143c49a3420efe5b3f8cf1a48c6fc8bc6856b03f638abc1833bb",
                "sha256:46bac5ca10fb748d6c55843a931855e2727a7a22584f302dd9bb1506e69f83f6",
                "sha256:4c037fd14c5f4e308b8370b447b469ca10e69427966527edcab07f52d88388f7",
                "sha256:51178c738d559a2d1071ce0b0f56e57eb315bcf8f7d4cf127674b533e3101f88",
                "sha256:5ea81ea3dbd6767873c611687141ec7b06ed8bab43f68fad5b7be184a920dc99",
                "sha256:6961548bba529cac7c07af2fd4d527c5b91bb8fe18995fed6044ac22b3d14644",
                "sha256:75aaa27aa521a182824d89e5ab0a1d16ca207318a6b65042b046053cfc8ed07a",
                "sha256:7a2dd66d2d4df34fa82c9dc85657c5e019b87932019947faece7983f2089a840",
                "sha256:8a51f2c6d1f884e98846a0a9021ff6861bdb98457879f412fdc2b42d14494067",
                "sha256:9c568495e35599625f7b999774e29e8d6b01a6fb684d77dee1f56d41b11b40cd",
                "sha256:9eddaafb3c48e0900690c1727fba226c4804b8e6127ea409689c3bb492d06de4",
                "sha256:bbb332d45b32df41200380fff14712cb6093b61bd142272a10b16778c418e98e",
                "sha256:bc3d98f621898b4a9bc7fecc00513eec8f40b5b83913d74ccb445f037d58cd89",
                "sha256:c11d6033115dc4887c456565303f540c44197f4fc1a2bfb192224a301534888e",
                "sha256:c50a724d136ec10d920661f1442e4a8b010a4fe5aebd65e0c2241ea41dbe93dc",
                "sha256:d0a5095d52b90ff38592bbdc2644f17c6d495762edf47d876049cfd2968fbccf",
                "sha256:d6cff2276e502b86a25fd10c2a96973fdb45c7a977dca2138d661417f3728341",
                "sha256:e46d13f38cfcbb79bfdb2964b0fe12561fe633caf964a77a5f8d4e45fe5d2ef7"
            ],
            "version": "==2020.7.14"
        },
        "requests": {
            "hashes": [
                "sha256:b3559a131db72c33ee969480840fff4bb6dd111de7dd27c8ee1f820f4f00231b",
                "sha256:fe75cc94a9443b9246fc7049224f75604b113c36acb93f87b80ed42c44cbb898"
            ],
            "markers": "python_version >= '2.7' and python_version not in '3.0, 3.1, 3.2, 3.3, 3.4'",
            "version": "==2.24.0"
        },
        "requirementslib": {
            "hashes": [
                "sha256:5e283a74df80c27ca3ebedda5a38301d23b2d563f9d758cbfdc385fdb0f58a87",
                "sha256:c80ec03f70ee0b435c9e74686e61b1ddb7afd1b228ed3f6ebc64a2e5fb530b5e"
            ],
            "markers": "python_version >= '2.7' and python_version not in '3.0, 3.1, 3.2, 3.3, 3.4'",
            "version": "==1.5.12"
        },
        "six": {
            "hashes": [
                "sha256:30639c035cdb23534cd4aa2dd52c3bf48f06e5f4a941509c8bafd8ce11080259",
                "sha256:8b74bedcbbbaca38ff6d7491d76f2b06b3592611af620f8426e82dddb04a5ced"
            ],
            "markers": "python_version >= '2.7' and python_version not in '3.0, 3.1, 3.2, 3.3'",
            "version": "==1.15.0"
        },
        "smmap": {
            "hashes": [
                "sha256:54c44c197c819d5ef1991799a7e30b662d1e520f2ac75c9efbeb54a742214cf4",
                "sha256:9c98bbd1f9786d22f14b3d4126894d56befb835ec90cef151af566c7e19b5d24"
            ],
            "markers": "python_version >= '2.7' and python_version not in '3.0, 3.1, 3.2, 3.3'",
            "version": "==3.0.4"
        },
        "stevedore": {
            "hashes": [
                "sha256:38791aa5bed922b0a844513c5f9ed37774b68edc609e5ab8ab8d8fe0ce4315e5",
                "sha256:c8f4f0ebbc394e52ddf49de8bcc3cf8ad2b4425ebac494106bbc5e3661ac7633"
            ],
            "markers": "python_version >= '3.6'",
            "version": "==3.2.0"
        },
        "toml": {
            "hashes": [
                "sha256:926b612be1e5ce0634a2ca03470f95169cf16f939018233a670519cb4ac58b0f",
                "sha256:bda89d5935c2eac546d648028b9901107a595863cb36bae0c73ac804a9b4ce88"
            ],
            "version": "==0.10.1"
        },
        "tomlkit": {
            "hashes": [
                "sha256:74f976908030ff164c0aa1edabe3bf83ea004b3daa5b0940b9c86a060c004e9a",
                "sha256:e5d5f20809c2b09276a6c5d98fb0202325aee441a651db84ac12e0812ab7e569"
            ],
            "markers": "python_version >= '2.7' and python_version not in '3.0, 3.1, 3.2, 3.3'",
            "version": "==0.6.0"
        },
        "typed-ast": {
            "hashes": [
                "sha256:0666aa36131496aed8f7be0410ff974562ab7eeac11ef351def9ea6fa28f6355",
                "sha256:0c2c07682d61a629b68433afb159376e24e5b2fd4641d35424e462169c0a7919",
                "sha256:249862707802d40f7f29f6e1aad8d84b5aa9e44552d2cc17384b209f091276aa",
                "sha256:24995c843eb0ad11a4527b026b4dde3da70e1f2d8806c99b7b4a7cf491612652",
                "sha256:269151951236b0f9a6f04015a9004084a5ab0d5f19b57de779f908621e7d8b75",
                "sha256:4083861b0aa07990b619bd7ddc365eb7fa4b817e99cf5f8d9cf21a42780f6e01",
                "sha256:498b0f36cc7054c1fead3d7fc59d2150f4d5c6c56ba7fb150c013fbc683a8d2d",
                "sha256:4e3e5da80ccbebfff202a67bf900d081906c358ccc3d5e3c8aea42fdfdfd51c1",
                "sha256:6daac9731f172c2a22ade6ed0c00197ee7cc1221aa84cfdf9c31defeb059a907",
                "sha256:715ff2f2df46121071622063fc7543d9b1fd19ebfc4f5c8895af64a77a8c852c",
                "sha256:73d785a950fc82dd2a25897d525d003f6378d1cb23ab305578394694202a58c3",
                "sha256:8c8aaad94455178e3187ab22c8b01a3837f8ee50e09cf31f1ba129eb293ec30b",
                "sha256:8ce678dbaf790dbdb3eba24056d5364fb45944f33553dd5869b7580cdbb83614",
                "sha256:aaee9905aee35ba5905cfb3c62f3e83b3bec7b39413f0a7f19be4e547ea01ebb",
                "sha256:bcd3b13b56ea479b3650b82cabd6b5343a625b0ced5429e4ccad28a8973f301b",
                "sha256:c9e348e02e4d2b4a8b2eedb48210430658df6951fa484e59de33ff773fbd4b41",
                "sha256:d205b1b46085271b4e15f670058ce182bd1199e56b317bf2ec004b6a44f911f6",
                "sha256:d43943ef777f9a1c42bf4e552ba23ac77a6351de620aa9acf64ad54933ad4d34",
                "sha256:d5d33e9e7af3b34a40dc05f498939f0ebf187f07c385fd58d591c533ad8562fe",
                "sha256:fc0fea399acb12edbf8a628ba8d2312f583bdbdb3335635db062fa98cf71fca4",
                "sha256:fe460b922ec15dd205595c9b5b99e2f056fd98ae8f9f56b888e7a17dc2b757e7"
            ],
            "version": "==1.4.1"
        },
        "urllib3": {
            "hashes": [
                "sha256:3018294ebefce6572a474f0604c2021e33b3fd8006ecd11d62107a5d2a963527",
                "sha256:88206b0eb87e6d677d424843ac5209e3fb9d0190d0ee169599165ec25e9d9115"
            ],
            "markers": "python_version != '3.4'",
            "version": "==1.25.9"
        },
        "urllib3-mock": {
            "hashes": [
                "sha256:702c90042920d771c9902b7b5b542551cc57f259078f4eada47ab4e8cdd11f1a",
                "sha256:b210037029ac96beac4f3e7b54f466c394b060525ea5a824803d5f5ed14558f1"
            ],
            "index": "pypi",
            "version": "==0.3.3"
        },
        "vistir": {
            "hashes": [
                "sha256:a37079cdbd85d31a41cdd18457fe521e15ec08b255811e81aa061fd5f48a20fb",
                "sha256:eff1d19ef50c703a329ed294e5ec0b0fbb35b96c1b3ee6dcdb266dddbe1e935a"
            ],
            "markers": "python_version >= '2.7' and python_version not in '3.0, 3.1, 3.2, 3.3'",
            "version": "==0.5.2"
        },
        "wcwidth": {
            "hashes": [
                "sha256:beb4802a9cebb9144e99086eff703a642a13d6a0052920003a230f3294bbe784",
                "sha256:c4d647b99872929fdb7bdcaa4fbe7f01413ed3d98077df798530e5b04f116c83"
            ],
            "version": "==0.2.5"
        },
        "wheel": {
            "hashes": [
                "sha256:8788e9155fe14f54164c1b9eb0a319d98ef02c160725587ad60f14ddc57b6f96",
                "sha256:df277cb51e61359aba502208d680f90c0493adec6f0e848af94948778aed386e"
            ],
            "markers": "python_version >= '2.7' and python_version not in '3.0, 3.1, 3.2, 3.3, 3.4'",
            "version": "==0.34.2"
        },
        "zipp": {
            "hashes": [
                "sha256:aa36550ff0c0b7ef7fa639055d797116ee891440eac1a56f378e2d3179e0320b",
                "sha256:c599e4d75c98f6798c509911d08a22e6c021d074469042177c8c86fb92eefd96"
            ],
            "markers": "python_version < '3.8'",
            "version": "==3.1.0"
        }
    }
}
