{
    "format_version": "0.1",
    "terraform_version": "0.15.5",
    "variables": {
        "region": {
            "value": "us-west-2"
        }
    },
    "planned_values": {
        "root_module": {
            "child_modules": [
                {
                    "resources": [
                        {
                            "address": "module.m.aws_s3_bucket.b1",
                            "mode": "managed",
                            "type": "aws_s3_bucket",
                            "name": "b1",
                            "provider_name": "registry.terraform.io/hashicorp/aws",
                            "schema_version": 0,
                            "values": {
                                "acl": "private",
                                "bucket": "bc-test-bucket-1",
                                "bucket_prefix": null,
                                "cors_rule": [],
                                "force_destroy": false,
                                "grant": [],
                                "lifecycle_rule": [],
                                "logging": [],
                                "object_lock_configuration": [],
                                "policy": null,
                                "replication_configuration": [],
                                "server_side_encryption_configuration": [],
                                "tags": null,
                                "website": []
                            }
                        }
                    ],
                    "address": "module.m"
                }
            ]
        }
    },
    "resource_changes": [
        {
            "address": "module.m.aws_s3_bucket.b1",
            "module_address": "module.m",
            "mode": "managed",
            "type": "aws_s3_bucket",
            "name": "b1",
            "provider_name": "registry.terraform.io/hashicorp/aws",
            "change": {
                "actions": [
                    "create"
                ],
                "before": null,
                "after": {
                    "acl": "private",
                    "bucket": "bc-test-bucket-1",
                    "bucket_prefix": null,
                    "cors_rule": [],
                    "force_destroy": false,
                    "grant": [],
                    "lifecycle_rule": [],
                    "logging": [],
                    "object_lock_configuration": [],
                    "policy": null,
                    "replication_configuration": [],
                    "server_side_encryption_configuration": [],
                    "tags": null,
                    "website": []
                },
                "after_unknown": {
                    "acceleration_status": true,
                    "arn": true,
                    "bucket_domain_name": true,
                    "bucket_regional_domain_name": true,
                    "cors_rule": [],
                    "grant": [],
                    "hosted_zone_id": true,
                    "id": true,
                    "lifecycle_rule": [],
                    "logging": [],
                    "object_lock_configuration": [],
                    "region": true,
                    "replication_configuration": [],
                    "request_payer": true,
                    "server_side_encryption_configuration": [],
                    "tags_all": true,
                    "versioning": true,
                    "website": [],
                    "website_domain": true,
                    "website_endpoint": true
                },
                "before_sensitive": false,
                "after_sensitive": {
                    "cors_rule": [],
                    "grant": [],
                    "lifecycle_rule": [],
                    "logging": [],
                    "object_lock_configuration": [],
                    "replication_configuration": [],
                    "server_side_encryption_configuration": [],
                    "tags_all": {},
                    "versioning": [],
                    "website": []
                }
            }
        }
    ],
    "configuration": {
        "provider_config": {
            "aws": {
                "name": "aws",
                "expressions": {
                    "region": {
                        "references": [
                            "var.region"
                        ]
                    }
                }
            }
        },
        "root_module": {
            "module_calls": {
                "m": {
                    "source": "../mod_ref",
                    "module": {
                        "resources": [
                            {
                                "address": "aws_s3_bucket.b1",
                                "mode": "managed",
                                "type": "aws_s3_bucket",
                                "name": "b1",
                                "provider_config_key": "m:aws",
                                "expressions": {
                                    "bucket": {
                                        "constant_value": "bc-test-bucket-1"
                                    }
                                },
                                "schema_version": 0
                            }
                        ]
                    }
                }
            },
            "variables": {
                "region": {
                    "default": "us-west-2",
                    "description": "The provider region to use"
                }
            }
        }
    }
}