{
   "format_version":"1.1",
   "terraform_version":"1.2.7",
   "planned_values":{
      "root_module":{
         "resources":[
            {
               "address":"aws_s3_bucket.example",
               "mode":"managed",
               "type":"aws_s3_bucket",
               "name":"example",
               "provider_name":"registry.terraform.io/hashicorp/aws",
               "schema_version":0,
               "values":{
                  "bucket":"example",
                  "bucket_prefix":null,
                  "force_destroy":false,
                  "tags":null,
                  "timeouts":null
               },
               "sensitive_values":{
                  "cors_rule":[

                  ],
                  "grant":[

                  ],
                  "lifecycle_rule":[

                  ],
                  "logging":[

                  ],
                  "object_lock_configuration":[

                  ],
                  "replication_configuration":[

                  ],
                  "server_side_encryption_configuration":[

                  ],
                  "tags_all":{

                  },
                  "versioning":[

                  ],
                  "website":[

                  ]
               }
            },
            {
               "address":"aws_s3_bucket.example_2",
               "mode":"managed",
               "type":"aws_s3_bucket",
               "name":"example_2",
               "provider_name":"registry.terraform.io/hashicorp/aws",
               "schema_version":0,
               "values":{
                  "bucket":"example_2",
                  "bucket_prefix":null,
                  "force_destroy":false,
                  "tags":null,
                  "timeouts":null
               },
               "sensitive_values":{
                  "cors_rule":[

                  ],
                  "grant":[

                  ],
                  "lifecycle_rule":[

                  ],
                  "logging":[

                  ],
                  "object_lock_configuration":[

                  ],
                  "replication_configuration":[

                  ],
                  "server_side_encryption_configuration":[

                  ],
                  "tags_all":{

                  },
                  "versioning":[

                  ],
                  "website":[

                  ]
               }
            }
         ],
         "child_modules":[
            {
               "address":"module.s3_module",
               "child_modules":[
                  {
                     "resources":[
                        {
                           "address":"module.s3_module.module.inner_s3_module.aws_s3_bucket_public_access_block.var_bucket",
                           "mode":"managed",
                           "type":"aws_s3_bucket_public_access_block",
                           "name":"var_bucket",
                           "provider_name":"registry.terraform.io/hashicorp/aws",
                           "schema_version":0,
                           "values":{
                              "block_public_acls":true,
                              "block_public_policy":true,
                              "ignore_public_acls":true,
                              "restrict_public_buckets":true
                           },
                           "sensitive_values":{

                           }
                        }
                     ],
                     "address":"module.s3_module.module.inner_s3_module"
                  }
               ]
            },
            {
               "address":"module.s3_module_2",
               "child_modules":[
                  {
                     "resources":[
                        {
                           "address":"module.s3_module_2.module.inner_s3_module.aws_s3_bucket_public_access_block.var_bucket",
                           "mode":"managed",
                           "type":"aws_s3_bucket_public_access_block",
                           "name":"var_bucket",
                           "provider_name":"registry.terraform.io/hashicorp/aws",
                           "schema_version":0,
                           "values":{
                              "block_public_acls":true,
                              "block_public_policy":true,
                              "ignore_public_acls":true,
                              "restrict_public_buckets":true
                           },
                           "sensitive_values":{

                           }
                        }
                     ],
                     "address":"module.s3_module_2.module.inner_s3_module"
                  }
               ]
            }
         ]
      }
   },
   "resource_changes":[
      {
         "address":"aws_s3_bucket.example",
         "mode":"managed",
         "type":"aws_s3_bucket",
         "name":"example",
         "provider_name":"registry.terraform.io/hashicorp/aws",
         "change":{
            "actions":[
               "create"
            ],
            "before":null,
            "after":{
               "bucket":"example",
               "bucket_prefix":null,
               "force_destroy":false,
               "tags":null,
               "timeouts":null
            },
            "after_unknown":{
               "acceleration_status":true,
               "acl":true,
               "arn":true,
               "bucket_domain_name":true,
               "bucket_regional_domain_name":true,
               "cors_rule":true,
               "grant":true,
               "hosted_zone_id":true,
               "id":true,
               "logging":true,
               "object_lock_configuration":true,
               "object_lock_enabled":true,
               "policy":true,
               "region":true,
               "replication_configuration":true,
               "request_payer":true,
               "server_side_encryption_configuration":true,
               "tags_all":true,
               "versioning":true,
               "website":true,
               "website_domain":true,
               "website_endpoint":true
            },
            "before_sensitive":false,
            "after_sensitive":{
               "cors_rule":[

               ],
               "grant":[

               ],
               "lifecycle_rule":[

               ],
               "logging":[

               ],
               "object_lock_configuration":[

               ],
               "replication_configuration":[

               ],
               "server_side_encryption_configuration":[

               ],
               "tags_all":{

               },
               "versioning":[

               ],
               "website":[

               ]
            }
         }
      },
      {
         "address":"aws_s3_bucket.example_2",
         "mode":"managed",
         "type":"aws_s3_bucket",
         "name":"example_2",
         "provider_name":"registry.terraform.io/hashicorp/aws",
         "change":{
            "actions":[
               "create"
            ],
            "before":null,
            "after":{
               "bucket":"example_2",
               "bucket_prefix":null,
               "force_destroy":false,
               "tags":null,
               "timeouts":null
            },
            "after_unknown":{
               "acceleration_status":true,
               "acl":true,
               "arn":true,
               "bucket_domain_name":true,
               "bucket_regional_domain_name":true,
               "cors_rule":true,
               "grant":true,
               "hosted_zone_id":true,
               "id":true,
               "logging":true,
               "object_lock_configuration":true,
               "object_lock_enabled":true,
               "policy":true,
               "region":true,
               "replication_configuration":true,
               "request_payer":true,
               "server_side_encryption_configuration":true,
               "tags_all":true,
               "versioning":true,
               "website":true,
               "website_domain":true,
               "website_endpoint":true
            },
            "before_sensitive":false,
            "after_sensitive":{
               "cors_rule":[

               ],
               "grant":[

               ],
               "lifecycle_rule":[

               ],
               "logging":[

               ],
               "object_lock_configuration":[

               ],
               "replication_configuration":[

               ],
               "server_side_encryption_configuration":[

               ],
               "tags_all":{

               },
               "versioning":[

               ],
               "website":[

               ]
            }
         }
      },
      {
         "address":"module.s3_module.module.inner_s3_module.aws_s3_bucket_public_access_block.var_bucket",
         "module_address":"module.s3_module.module.inner_s3_module",
         "mode":"managed",
         "type":"aws_s3_bucket_public_access_block",
         "name":"var_bucket",
         "provider_name":"registry.terraform.io/hashicorp/aws",
         "change":{
            "actions":[
               "create"
            ],
            "before":null,
            "after":{
               "block_public_acls":true,
               "block_public_policy":true,
               "ignore_public_acls":true,
               "restrict_public_buckets":true
            },
            "after_unknown":{
               "bucket":true,
               "id":true
            },
            "before_sensitive":false,
            "after_sensitive":{

            }
         }
      },
      {
         "address":"module.s3_module_2.module.inner_s3_module.aws_s3_bucket_public_access_block.var_bucket",
         "module_address":"module.s3_module_2.module.inner_s3_module",
         "mode":"managed",
         "type":"aws_s3_bucket_public_access_block",
         "name":"var_bucket",
         "provider_name":"registry.terraform.io/hashicorp/aws",
         "change":{
            "actions":[
               "create"
            ],
            "before":null,
            "after":{
               "block_public_acls":true,
               "block_public_policy":true,
               "ignore_public_acls":true,
               "restrict_public_buckets":true
            },
            "after_unknown":{
               "bucket":true,
               "id":true
            },
            "before_sensitive":false,
            "after_sensitive":{

            }
         }
      }
   ],
   "configuration":{
      "provider_config":{
         "aws":{
            "name":"aws",
            "full_name":"registry.terraform.io/hashicorp/aws",
            "expressions":{
               "profile":{
                  "constant_value":"dev8"
               },
               "region":{
                  "constant_value":"us-west-2"
               }
            }
         },
         "module.s3_module.module.inner_s3_module:aws":{
            "name":"aws",
            "full_name":"registry.terraform.io/hashicorp/aws",
            "module_address":"module.s3_module.module.inner_s3_module"
         },
         "module.s3_module_2.module.inner_s3_module:aws":{
            "name":"aws",
            "full_name":"registry.terraform.io/hashicorp/aws",
            "module_address":"module.s3_module_2.module.inner_s3_module"
         }
      },
      "root_module":{
         "resources":[
            {
               "address":"aws_s3_bucket.example",
               "mode":"managed",
               "type":"aws_s3_bucket",
               "name":"example",
               "provider_config_key":"aws",
               "expressions":{
                  "bucket":{
                     "constant_value":"example"
                  }
               },
               "schema_version":0
            },
            {
               "address":"aws_s3_bucket.example_2",
               "mode":"managed",
               "type":"aws_s3_bucket",
               "name":"example_2",
               "provider_config_key":"aws",
               "expressions":{
                  "bucket":{
                     "constant_value":"example_2"
                  }
               },
               "schema_version":0
            }
         ],
         "module_calls":{
            "s3_module":{
               "source":"./module",
               "expressions":{
                  "bucket":{
                     "references":[
                        "aws_s3_bucket.example.id",
                        "aws_s3_bucket.example"
                     ]
                  }
               },
               "module":{
                  "module_calls":{
                     "inner_s3_module":{
                        "source":"../module2",
                        "expressions":{
                           "bucket2":{
                              "references":[
                                 "var.bucket"
                              ]
                           }
                        },
                        "module":{
                           "resources":[
                              {
                                 "address":"aws_s3_bucket_public_access_block.var_bucket",
                                 "mode":"managed",
                                 "type":"aws_s3_bucket_public_access_block",
                                 "name":"var_bucket",
                                 "provider_config_key":"module.s3_module.module.inner_s3_module:aws",
                                 "expressions":{
                                    "block_public_acls":{
                                       "constant_value":true
                                    },
                                    "block_public_policy":{
                                       "constant_value":true
                                    },
                                    "bucket":{
                                       "references":[
                                          "local.bucket2"
                                       ]
                                    },
                                    "ignore_public_acls":{
                                       "constant_value":true
                                    },
                                    "restrict_public_buckets":{
                                       "constant_value":true
                                    }
                                 },
                                 "schema_version":0
                              }
                           ],
                           "variables":{
                              "bucket2":{

                              }
                           }
                        }
                     }
                  },
                  "variables":{
                     "bucket":{

                     }
                  }
               }
            },
            "s3_module_2":{
               "source":"./module",
               "expressions":{
                  "bucket":{
                     "references":[
                        "aws_s3_bucket.example_2.id",
                        "aws_s3_bucket.example_2"
                     ]
                  }
               },
               "module":{
                  "module_calls":{
                     "inner_s3_module":{
                        "source":"../module2",
                        "expressions":{
                           "bucket2":{
                              "references":[
                                 "var.bucket"
                              ]
                           }
                        },
                        "module":{
                           "resources":[
                              {
                                 "address":"aws_s3_bucket_public_access_block.var_bucket",
                                 "mode":"managed",
                                 "type":"aws_s3_bucket_public_access_block",
                                 "name":"var_bucket",
                                 "provider_config_key":"module.s3_module_2.module.inner_s3_module:aws",
                                 "expressions":{
                                    "block_public_acls":{
                                       "constant_value":true
                                    },
                                    "block_public_policy":{
                                       "constant_value":true
                                    },
                                    "bucket":{
                                       "references":[
                                          "local.bucket2"
                                       ]
                                    },
                                    "ignore_public_acls":{
                                       "constant_value":true
                                    },
                                    "restrict_public_buckets":{
                                       "constant_value":true
                                    }
                                 },
                                 "schema_version":0
                              }
                           ],
                           "variables":{
                              "bucket2":{

                              }
                           }
                        }
                     }
                  },
                  "variables":{
                     "bucket":{

                     }
                  }
               }
            }
         }
      }
   },
   "relevant_attributes":[
      {
         "resource":"aws_s3_bucket.example_2",
         "attribute":[
            "id"
         ]
      },
      {
         "resource":"aws_s3_bucket.example",
         "attribute":[
            "id"
         ]
      }
   ]
}