{
    "format_version": "1.2",
    "terraform_version": "1.9.8",
    "planned_values": {
      "root_module": {
        "child_modules": [
          {
            "resources": [
              {
                "address": "module.m[0].aws_s3_bucket.b1",
                "mode": "managed",
                "type": "aws_s3_bucket",
                "name": "b1",
                "provider_name": "registry.terraform.io/hashicorp/aws",
                "schema_version": 0,
                "values": {
                  "bucket": "bc-test-bucket-1",
                  "force_destroy": false,
                  "tags": null,
                  "timeouts": null
                },
                "sensitive_values": {
                  "cors_rule": [],
                  "grant": [],
                  "lifecycle_rule": [],
                  "logging": [],
                  "object_lock_configuration": [],
                  "replication_configuration": [],
                  "server_side_encryption_configuration": [],
                  "tags_all": {},
                  "versioning": [],
                  "website": []
                }
              }
            ],
            "address": "module.m[0]"
          }
        ]
      }
    },
    "resource_changes": [
      {
        "address": "module.m[0].aws_s3_bucket.b1",
        "module_address": "module.m[0]",
        "mode": "managed",
        "type": "aws_s3_bucket",
        "name": "b1",
        "provider_name": "registry.terraform.io/hashicorp/aws",
        "change": {
          "actions": [
            "create"
          ],
          "before": null,
          "after": {
            "bucket": "bc-test-bucket-1",
            "force_destroy": false,
            "tags": null,
            "timeouts": null
          },
          "after_unknown": {
            "acceleration_status": true,
            "acl": true,
            "arn": true,
            "bucket_domain_name": true,
            "bucket_prefix": true,
            "bucket_regional_domain_name": true,
            "cors_rule": true,
            "grant": true,
            "hosted_zone_id": true,
            "id": true,
            "lifecycle_rule": true,
            "logging": true,
            "object_lock_configuration": true,
            "object_lock_enabled": true,
            "policy": true,
            "region": true,
            "replication_configuration": true,
            "request_payer": true,
            "server_side_encryption_configuration": true,
            "tags_all": true,
            "versioning": true,
            "website": true,
            "website_domain": true,
            "website_endpoint": true
          },
          "before_sensitive": false,
          "after_sensitive": {
            "cors_rule": [],
            "grant": [],
            "lifecycle_rule": [],
            "logging": [],
            "object_lock_configuration": [],
            "replication_configuration": [],
            "server_side_encryption_configuration": [],
            "tags_all": {},
            "versioning": [],
            "website": []
          }
        }
      }
    ],
    "configuration": {
      "provider_config": {
        "module.m:aws": {
          "name": "aws",
          "full_name": "registry.terraform.io/hashicorp/aws",
          "module_address": "module.m"
        }
      },
      "root_module": {
        "module_calls": {
          "m": {
            "source": "../mod_ref",
            "count_expression": {
              "constant_value": 1
            },
            "module": {
              "resources": [
                {
                  "address": "aws_s3_bucket.b1",
                  "mode": "managed",
                  "type": "aws_s3_bucket",
                  "name": "b1",
                  "provider_config_key": "module.m:aws",
                  "expressions": {
                    "bucket": {
                      "constant_value": "bc-test-bucket-1"
                    }
                  },
                  "schema_version": 0
                }
              ]
            }
          }
        }
      }
    },
    "timestamp": "2024-10-24T20:31:26Z",
    "applyable": true,
    "complete": true,
    "errored": false
  }