metadata:
  version: 0.1
  id: CKV2_AWS_6
  name: Ensure that S3 bucket has a Public Access block
  category: NETWORKING
scope:
  languages:
    - javascript
    - typescript
definition:
  - or:
      - and:
          - cond_type: filter
            attribute: pattern
            operator: within
            value: |
              import { Bucket } from "aws-cdk-lib/aws-s3"
              ...
          - cond_type: pattern
            operator: equals
            value: "new Bucket(...)"
          - cond_type: pattern
            operator: not_equals
            value: "new Bucket(..., {..., blockPublicAccess: $ANY_VAR, ...}, ...)"
      - and:
          - cond_type: filter
            attribute: pattern
            operator: within
            value: |
              import * as $Y from "aws-cdk-lib/aws-s3"
              ...
          - cond_type: pattern
            operator: equals
            value: "new $Y.Bucket(...)"
          - cond_type: pattern
            operator: not_equals
            value: "new $Y.Bucket(..., {..., blockPublicAccess: $ANY_VAR, ...}, ...)"
