# THIS IS AN AUTOGENERATED FILE. DO NOT EDIT THIS FILE DIRECTLY.
# yarn lockfile v1


"@angular-devkit/build-optimizer@0.0.13":
  version "0.0.13"
  resolved "https://registry.yarnpkg.com/@angular-devkit/build-optimizer/-/build-optimizer-0.0.13.tgz#cf397af76abe899aa909d4a735106694ca1f08cf"
  dependencies:
    loader-utils "^1.1.0"
    source-map "^0.5.6"
    typescript "^2.3.3"

"@angular/animations@^4.2.5":
  version "4.3.6"
  resolved "https://registry.yarnpkg.com/@angular/animations/-/animations-4.3.6.tgz#bf9283ec7c8c98b32f569d84dcda10890fdc0262"
  dependencies:
    tslib "^1.7.1"