{
  "format_version":"0.1",
  "terraform_version":"0.13.4",
  "planned_values":{
     "root_module":{
        "resources":[
           {
              "address":"aws_eks_cluster.cluster",
              "mode":"managed",
              "type":"aws_eks_cluster",
              "name":"cluster",
              "provider_name":"registry.terraform.io/hashicorp/aws",
              "schema_version":0,
              "values":{
                 "enabled_cluster_log_types":[
                    "api",
                    "audit"
                 ],
                 "encryption_config":[
                    
                 ],
                 "name":"test",
                 "role_arn":"arn:aws:iam::204481888888:role/test",
                 "tags":null,
                 "timeouts":null,
                 "vpc_config":[
                    {
                       "endpoint_private_access":false,
                       "endpoint_public_access":true,
                       "security_group_ids":null,
                       "subnet_ids":[
                          "10.165.77.0/24"
                       ]
                    }
                 ]
              }
           },
           {
              "address":"data.aws_eks_cluster.cluster",
              "mode":"data",
              "type":"aws_eks_cluster",
              "name":"cluster",
              "provider_name":"registry.terraform.io/hashicorp/aws",
              "schema_version":0
           }
        ]
     }
  },
  "resource_changes":[
     {
        "address":"aws_eks_cluster.cluster",
        "mode":"managed",
        "type":"aws_eks_cluster",
        "name":"cluster",
        "provider_name":"registry.terraform.io/hashicorp/aws",
        "change":{
           "actions":[
              "create"
           ],
           "before":null,
           "after":{
              "enabled_cluster_log_types":[
                 "api",
                 "audit"
              ],
              "encryption_config":[
                 
              ],
              "name":"test",
              "role_arn":"arn:aws:iam::204481888888:role/test",
              "tags":null,
              "timeouts":null,
              "vpc_config":[
                 {
                    "endpoint_private_access":false,
                    "endpoint_public_access":true,
                    "security_group_ids":null,
                    "subnet_ids":[
                       "10.165.77.0/24"
                    ]
                 }
              ]
           },
           "after_unknown":{
              "arn":true,
              "certificate_authority":true,
              "created_at":true,
              "enabled_cluster_log_types":[
                 false,
                 false
              ],
              "encryption_config":[
                 
              ],
              "endpoint":true,
              "id":true,
              "identity":true,
              "kubernetes_network_config":true,
              "platform_version":true,
              "status":true,
              "version":true,
              "vpc_config":[
                 {
                    "cluster_security_group_id":true,
                    "public_access_cidrs":true,
                    "subnet_ids":[
                       false
                    ],
                    "vpc_id":true
                 }
              ]
           }
        }
     },
     {
        "address":"data.aws_eks_cluster.cluster",
        "mode":"data",
        "type":"aws_eks_cluster",
        "name":"cluster",
        "provider_name":"registry.terraform.io/hashicorp/aws",
        "change":{
           "actions":[
              "read"
           ],
           "before":null,
           "after":{
              
           },
           "after_unknown":{
              "arn":true,
              "certificate_authority":true,
              "created_at":true,
              "enabled_cluster_log_types":true,
              "endpoint":true,
              "id":true,
              "identity":true,
              "kubernetes_network_config":true,
              "name":true,
              "platform_version":true,
              "role_arn":true,
              "status":true,
              "tags":true,
              "version":true,
              "vpc_config":true
           }
        }
     }
  ],
  "configuration":{
     "root_module":{
        "resources":[
           {
              "address":"aws_eks_cluster.cluster",
              "mode":"managed",
              "type":"aws_eks_cluster",
              "name":"cluster",
              "provider_config_key":"aws",
              "expressions":{
                 "enabled_cluster_log_types":{
                    "constant_value":[
                       "audit",
                       "api"
                    ]
                 },
                 "name":{
                    "constant_value":"test"
                 },
                 "role_arn":{
                    "constant_value":"arn:aws:iam::204481888888:role/test"
                 },
                 "vpc_config":[
                    {
                       "subnet_ids":{
                          "constant_value":[
                             "10.165.77.0/24"
                          ]
                       }
                    }
                 ]
              },
              "schema_version":0
           },
           {
              "address":"data.aws_eks_cluster.cluster",
              "mode":"data",
              "type":"aws_eks_cluster",
              "name":"cluster",
              "provider_config_key":"aws",
              "expressions":{
                 "name":{
                    "references":[
                       "aws_eks_cluster.cluster"
                    ]
                 }
              },
              "schema_version":0
           }
        ]
     }
  }
}