{
    "format_version": "0.1",
    "terraform_version": "0.13.6",
    "variables": {
      "application_name": {
        "value": "tf-test"
      },
      "aws_account_id": {
        "value": "123456789101"
      },
      "env": {
        "value": "development"
      },
      "region": {
        "value": "us-west-2"
      }
    },
    "planned_values": {
      "root_module": {
        "resources": [
          {
            "address": "aws_dynamodb_table.cross-environment-violations",
            "mode": "managed",
            "type": "aws_dynamodb_table",
            "name": "cross-environment-violations",
            "provider_name": "registry.terraform.io/hashicorp/aws",
            "schema_version": 1,
            "values": {
              "attribute": [
                {
                  "name": "id",
                  "type": "S"
                }
              ],
              "billing_mode": "PROVISIONED",
              "global_secondary_index": [],
              "hash_key": "id",
              "local_secondary_index": [],
              "name": "CrossEnvironmentViolations",
              "range_key": null,
              "read_capacity": 20,
              "replica": [],
              "stream_enabled": null,
              "tags": null,
              "timeouts": null,
              "ttl": [],
              "write_capacity": 20
            }
          },
          {
            "address": "aws_iam_policy.policy",
            "mode": "managed",
            "type": "aws_iam_policy",
            "name": "policy",
            "provider_name": "registry.terraform.io/hashicorp/aws",
            "schema_version": 0,
            "values": {
              "description": "My test policy",
              "name": "my_policy-995112413069",
              "name_prefix": null,
              "path": "/",
              "policy": "{\n  \"Version\": \"2012-10-17\",\n  \"Statement\": [\n    {\n      \"Action\": [\n        \"*\"\n      ],\n      \"Effect\": \"Allow\",\n      \"Resource\": \"arn:aws:iam::995112413069:role/admin\"\n    }\n  ]\n}\n"
            }
          },
          {
            "address": "aws_s3_bucket.test-bucket1",
            "mode": "managed",
            "type": "aws_s3_bucket",
            "name": "test-bucket1",
            "provider_name": "registry.terraform.io/hashicorp/aws",
            "schema_version": 0,
            "values": {
              "acl": "public-read",
              "bucket": "test-bucket1",
              "bucket_prefix": null,
              "cors_rule": [],
              "force_destroy": false,
              "grant": [],
              "lifecycle_rule": [
                {
                  "abort_incomplete_multipart_upload_days": 90,
                  "enabled": true,
                  "expiration": [
                    {
                      "date": null,
                      "days": 90,
                      "expired_object_delete_marker": null
                    }
                  ],
                  "id": "90 Day Lifecycle",
                  "noncurrent_version_expiration": [
                    {
                      "days": 90
                    }
                  ],
                  "noncurrent_version_transition": [],
                  "prefix": null,
                  "tags": null,
                  "transition": []
                }
              ],
              "logging": [],
              "object_lock_configuration": [],
              "policy": null,
              "replication_configuration": [],
              "server_side_encryption_configuration": [],
              "tags": null,
              "website": []
            }
          }
        ]
      }
    },
    "resource_changes": [
      {
        "address": "aws_dynamodb_table.cross-environment-violations",
        "mode": "managed",
        "type": "aws_dynamodb_table",
        "name": "cross-environment-violations",
        "provider_name": "registry.terraform.io/hashicorp/aws",
        "change": {
          "actions": [
            "create"
          ],
          "before": null,
          "after": {
            "attribute": [
              {
                "name": "id",
                "type": "S"
              }
            ],
            "billing_mode": "PROVISIONED",
            "global_secondary_index": [],
            "hash_key": "id",
            "local_secondary_index": [],
            "name": "CrossEnvironmentViolations",
            "range_key": null,
            "read_capacity": 20,
            "replica": [],
            "stream_enabled": null,
            "tags": null,
            "timeouts": null,
            "ttl": [],
            "write_capacity": 20
          },
          "after_unknown": {
            "arn": true,
            "attribute": [
              {}
            ],
            "global_secondary_index": [],
            "id": true,
            "local_secondary_index": [],
            "point_in_time_recovery": true,
            "replica": [],
            "server_side_encryption": true,
            "stream_arn": true,
            "stream_label": true,
            "stream_view_type": true,
            "ttl": []
          }
        }
      },
      {
        "address": "aws_iam_policy.policy",
        "mode": "managed",
        "type": "aws_iam_policy",
        "name": "policy",
        "provider_name": "registry.terraform.io/hashicorp/aws",
        "change": {
          "actions": [
            "create"
          ],
          "before": null,
          "after": {
            "description": "My test policy",
            "name": "my_policy-995112413069",
            "name_prefix": null,
            "path": "/",
            "policy": "{\n  \"Version\": \"2012-10-17\",\n  \"Statement\": [\n    {\n      \"Action\": [\n        \"*\"\n      ],\n      \"Effect\": \"Allow\",\n      \"Resource\": \"arn:aws:iam::995112413069:role/admin\"\n    }\n  ]\n}\n"
          },
          "after_unknown": {
            "arn": true,
            "id": true
          }
        }
      },
      {
        "address": "aws_s3_bucket.test-bucket1",
        "mode": "managed",
        "type": "aws_s3_bucket",
        "name": "test-bucket1",
        "provider_name": "registry.terraform.io/hashicorp/aws",
        "change": {
          "actions": [
            "create"
          ],
          "before": null,
          "after": {
            "acl": "public-read",
            "bucket": "test-bucket1",
            "bucket_prefix": null,
            "cors_rule": [],
            "force_destroy": false,
            "grant": [],
            "lifecycle_rule": [
              {
                "abort_incomplete_multipart_upload_days": 90,
                "enabled": true,
                "expiration": [
                  {
                    "date": null,
                    "days": 90,
                    "expired_object_delete_marker": null
                  }
                ],
                "id": "90 Day Lifecycle",
                "noncurrent_version_expiration": [
                  {
                    "days": 90
                  }
                ],
                "noncurrent_version_transition": [],
                "prefix": null,
                "tags": null,
                "transition": []
              }
            ],
            "logging": [],
            "object_lock_configuration": [],
            "policy": null,
            "replication_configuration": [],
            "server_side_encryption_configuration": [],
            "tags": null,
            "website": []
          },
          "after_unknown": {
            "acceleration_status": true,
            "arn": true,
            "bucket_domain_name": true,
            "bucket_regional_domain_name": true,
            "cors_rule": [],
            "grant": [],
            "hosted_zone_id": true,
            "id": true,
            "lifecycle_rule": [
              {
                "expiration": [
                  {}
                ],
                "noncurrent_version_expiration": [
                  {}
                ],
                "noncurrent_version_transition": [],
                "transition": []
              }
            ],
            "logging": [],
            "object_lock_configuration": [],
            "region": true,
            "replication_configuration": [],
            "request_payer": true,
            "server_side_encryption_configuration": [],
            "versioning": true,
            "website": [],
            "website_domain": true,
            "website_endpoint": true
          }
        }
      }
    ],
    "configuration": {
      "provider_config": {
        "aws": {
          "name": "aws",
          "expressions": {
            "assume_role": [
              {
                "role_arn": {
                  "references": [
                    "var.aws_account_id"
                  ]
                }
              }
            ],
            "region": {
              "references": [
                "var.region"
              ]
            }
          }
        },
        "aws.current_region": {
          "name": "aws",
          "alias": "current_region",
          "expressions": {
            "assume_role": [
              {
                "role_arn": {
                  "references": [
                    "var.aws_account_id"
                  ]
                }
              }
            ],
            "region": {
              "references": [
                "var.region"
              ]
            }
          }
        }
      },
      "root_module": {
        "resources": [
          {
            "address": "aws_dynamodb_table.cross-environment-violations",
            "mode": "managed",
            "type": "aws_dynamodb_table",
            "name": "cross-environment-violations",
            "provider_config_key": "aws.current_region",
            "expressions": {
              "attribute": [
                {
                  "name": {
                    "constant_value": "id"
                  },
                  "type": {
                    "constant_value": "S"
                  }
                }
              ],
              "hash_key": {
                "constant_value": "id"
              },
              "name": {
                "constant_value": "CrossEnvironmentViolations"
              },
              "read_capacity": {
                "constant_value": 20
              },
              "write_capacity": {
                "constant_value": 20
              }
            },
            "schema_version": 1
          },
          {
            "address": "aws_iam_policy.policy",
            "mode": "managed",
            "type": "aws_iam_policy",
            "name": "policy",
            "provider_config_key": "aws",
            "expressions": {
              "description": {
                "constant_value": "My test policy"
              },
              "name": {
                "references": [
                  "var.aws_account_id"
                ]
              },
              "path": {
                "constant_value": "/"
              },
              "policy": {
                "references": [
                  "var.aws_account_id"
                ]
              }
            },
            "schema_version": 0
          },
          {
            "address": "aws_s3_bucket.test-bucket1",
            "mode": "managed",
            "type": "aws_s3_bucket",
            "name": "test-bucket1",
            "provider_config_key": "aws.current_region",
            "expressions": {
              "acl": {
                "constant_value": "public-read"
              },
              "bucket": {
                "constant_value": "test-bucket1"
              },
              "lifecycle_rule": [
                {
                  "abort_incomplete_multipart_upload_days": {
                    "constant_value": 90
                  },
                  "enabled": {
                    "constant_value": true
                  },
                  "expiration": [
                    {
                      "days": {
                        "constant_value": 90
                      }
                    }
                  ],
                  "id": {
                    "constant_value": "90 Day Lifecycle"
                  },
                  "noncurrent_version_expiration": [
                    {
                      "days": {
                        "constant_value": 90
                      }
                    }
                  ]
                }
              ]
            },
            "schema_version": 0
          }
        ],
        "variables": {
          "application_name": {},
          "aws_account_id": {},
          "env": {},
          "region": {}
        }
      }
    }
  }
